// !$*UTF8*$!
{
	archiveVersion = 1;
	classes = {
	};
	objectVersion = 46;
	objects = {

/* Begin PBXBuildFile section */
		81702FBE1DE7D19C0025347B /* AppDelegate.swift in Sources */ = {isa = PBXBuildFile; fileRef = 81702FBD1DE7D19C0025347B /* AppDelegate.swift */; };
		81702FC01DE7D19C0025347B /* ViewController.swift in Sources */ = {isa = PBXBuildFile; fileRef = 81702FBF1DE7D19C0025347B /* ViewController.swift */; };
		81702FC31DE7D19C0025347B /* Main.storyboard in Resources */ = {isa = PBXBuildFile; fileRef = 81702FC11DE7D19C0025347B /* Main.storyboard */; };
		81702FC51DE7D19C0025347B /* Assets.xcassets in Resources */ = {isa = PBXBuildFile; fileRef = 81702FC41DE7D19C0025347B /* Assets.xcassets */; };
		81702FC81DE7D19C0025347B /* LaunchScreen.storyboard in Resources */ = {isa = PBXBuildFile; fileRef = 81702FC61DE7D19C0025347B /* LaunchScreen.storyboard */; };
/* End PBXBuildFile section */

/* Begin PBXFileReference section */
		81702FBA1DE7D19C0025347B /* LazyBone.app */ = {isa = PBXFileReference; explicitFileType = wrapper.application; includeInIndex = 0; path = LazyBone.app; sourceTree = BUILT_PRODUCTS_DIR; };
		81702FBD1DE7D19C0025347B /* AppDelegate.swift */ = {isa = PBXFileReference; lastKnownFileType = sourcecode.swift; path = AppDelegate.swift; sourceTree = "<group>"; };
		81702FBF1DE7D19C0025347B /* ViewController.swift */ = {isa = PBXFileReference; lastKnownFileType = sourcecode.swift; path = ViewController.swift; sourceTree = "<group>"; };
		81702FC21DE7D19C0025347B /* Base */ = {isa = PBXFileReference; lastKnownFileType = file.storyboard; name = Base; path = Base.lproj/Main.storyboard; sourceTree = "<group>"; };
		81702FC41DE7D19C0025347B /* Assets.xcassets */ = {isa = PBXFileReference; lastKnownFileType = folder.assetcatalog; path = Assets.xcassets; sourceTree = "<group>"; };
		81702FC71DE7D19C0025347B /* Base */ = {isa = PBXFileReference; lastKnownFileType = file.storyboard; name = Base; path = Base.lproj/LaunchScreen.storyboard; sourceTree = "<group>"; };
		81702FC91DE7D19C0025347B /* Info.plist */ = {isa = PBXFileReference; lastKnownFileType = text.plist.xml; path = Info.plist; sourceTree = "<group>"; };
/* End PBXFileReference section */

/* Begin PBXFrameworksBuildPhase section */
		81702FB71DE7D19C0025347B /* Frameworks */ = {
			isa = PBXFrameworksBuildPhase;
			buildActionMask = 2147483647;
			files = (
			);
			runOnlyForDeploymentPostprocessing = 0;
		};
/* End PBXFrameworksBuildPhase section */

/* Begin PBXGroup section */
		81702FB11DE7D19C0025347B = {
			isa = PBXGroup;
			children = (
				81702FBC1DE7D19C0025347B /* LazyBone */,
				81702FBB1DE7D19C0025347B /* Products */,
			);
			sourceTree = "<group>";
		};
		81702FBB1DE7D19C0025347B /* Products */ = {
			isa = PBXGroup;
			children = (
				81702FBA1DE7D19C0025347B /* LazyBone.app */,
			);
			name = Products;
			sourceTree = "<group>";
		};
		81702FBC1DE7D19C0025347B /* LazyBone */ = {
			isa = PBXGroup;
			children = (
				81702FBD1DE7D19C0025347B /* AppDelegate.swift */,
				81702FBF1DE7D19C0025347B /* ViewController.swift */,
				81702FC11DE7D19C0025347B /* Main.storyboard */,
				81702FC41DE7D19C0025347B /* Assets.xcassets */,
				81702FC61DE7D19C0025347B /* LaunchScreen.storyboard */,
				81702FC91DE7D19C0025347B /* Info.plist */,
			);
			path = LazyBone;
			sourceTree = "<group>";
		};
/* End PBXGroup section */

/* Begin PBXNativeTarget section */
		81702FB91DE7D19C0025347B /* LazyBone */ = {
			isa = PBXNativeTarget;
			buildConfigurationList = 81702FCC1DE7D19C0025347B /* Build configuration list for PBXNativeTarget "LazyBone" */;
			buildPhases = (
				81702FB61DE7D19C0025347B /* Sources */,
				81702FB71DE7D19C0025347B /* Frameworks */,
				81702FB81DE7D19C0025347B /* Resources */,
			);
			buildRules = (
			);
			dependencies = (
			);
			name = LazyBone;
			productName = LazyBone;
			productReference = 81702FBA1DE7D19C0025347B /* LazyBone.app */;
			productType = "com.apple.product-type.application";
		};
/* End PBXNativeTarget section */

/* Begin PBXProject section */
		81702FB21DE7D19C0025347B /* Project object */ = {
			isa = PBXProject;
			attributes = {
				LastSwiftUpdateCheck = 0810;
				LastUpgradeCheck = 0810;
				ORGANIZATIONNAME = "com. creation.lazybone";
				TargetAttributes = {
					81702FB91DE7D19C0025347B = {
						CreatedOnToolsVersion = 8.1;
						DevelopmentTeam = K585X4B55X;
						ProvisioningStyle = Automatic;
					};
				};
			};
			buildConfigurationList = 81702FB51DE7D19C0025347B /* Build configuration list for PBXProject "LazyBone" */;
			compatibilityVersion = "Xcode 3.2";
			developmentRegion = English;
			hasScannedForEncodings = 0;
			knownRegions = (
				en,
				Base,
			);
			mainGroup = 81702FB11DE7D19C0025347B;
			productRefGroup = 81702FBB1DE7D19C0025347B /* Products */;
			projectDirPath = "";
			projectRoot = "";
			targets = (
				81702FB91DE7D19C0025347B /* LazyBone */,
			);
		};
/* End PBXProject section */

/* Begin PBXResourcesBuildPhase section */
		81702FB81DE7D19C0025347B /* Resources */ = {
			isa = PBXResourcesBuildPhase;
			buildActionMask = 2147483647;
			files = (
				81702FC81DE7D19C0025347B /* LaunchScreen.storyboard in Resources */,
				81702FC51DE7D19C0025347B /* Assets.xcassets in Resources */,
				81702FC31DE7D19C0025347B /* Main.storyboard in Resources */,
			);
			runOnlyForDeploymentPostprocessing = 0;
		};
/* End PBXResourcesBuildPhase section */

/* Begin PBXSourcesBuildPhase section */
		81702FB61DE7D19C0025347B /* Sources */ = {
			isa = PBXSourcesBuildPhase;
			buildActionMask = 2147483647;
			files = (
				81702FC01DE7D19C0025347B /* ViewController.swift in Sources */,
				81702FBE1DE7D19C0025347B /* AppDelegate.swift in Sources */,
			);
			runOnlyForDeploymentPostprocessing = 0;
		};
/* End PBXSourcesBuildPhase section */

/* Begin PBXVariantGroup section */
		81702FC11DE7D19C0025347B /* Main.storyboard */ = {
			isa = PBXVariantGroup;
			children = (
				81702FC21DE7D19C0025347B /* Base */,
			);
			name = Main.storyboard;
			sourceTree = "<group>";
		};
		81702FC61DE7D19C0025347B /* LaunchScreen.storyboard */ = {
			isa = PBXVariantGroup;
			children = (
				81702FC71DE7D19C0025347B /* Base */,
			);
			name = LaunchScreen.storyboard;
			sourceTree = "<group>";
		};
/* End PBXVariantGroup section */

/* Begin XCBuildConfiguration section */
		81702FCA1DE7D19C0025347B /* Debug */ = {
			isa = XCBuildConfiguration;
			buildSettings = {
				ALWAYS_SEARCH_USER_PATHS = NO;
				CLANG_ANALYZER_NONNULL = YES;
				CLANG_CXX_LANGUAGE_STANDARD = "gnu++0x";
				CLANG_CXX_LIBRARY = "libc++";
				CLANG_ENABLE_MODULES = YES;
				CLANG_ENABLE_OBJC_ARC = YES;
				CLANG_WARN_BOOL_CONVERSION = YES;
				CLANG_WARN_CONSTANT_CONVERSION = YES;
				CLANG_WARN_DIRECT_OBJC_ISA_USAGE = YES_ERROR;
				CLANG_WARN_DOCUMENTATION_COMMENTS = YES;
				CLANG_WARN_EMPTY_BODY = YES;
				CLANG_WARN_ENUM_CONVERSION = YES;
				CLANG_WARN_INFINITE_RECURSION = YES;
				CLANG_WARN_INT_CONVERSION = YES;
				CLANG_WARN_OBJC_ROOT_CLASS = YES_ERROR;
				CLANG_WARN_SUSPICIOUS_MOVES = YES;
				CLANG_WARN_UNREACHABLE_CODE = YES;
				CLANG_WARN__DUPLICATE_METHOD_MATCH = YES;
				"CODE_SIGN_IDENTITY[sdk=iphoneos*]" = "iPhone Developer";
				COPY_PHASE_STRIP = NO;
				DEBUG_INFORMATION_FORMAT = dwarf;
				ENABLE_STRICT_OBJC_MSGSEND = YES;
				ENABLE_TESTABILITY = YES;
				GCC_C_LANGUAGE_STANDARD = gnu99;
				GCC_DYNAMIC_NO_PIC = NO;
				GCC_NO_COMMON_BLOCKS = YES;
				GCC_OPTIMIZATION_LEVEL = 0;
				GCC_PREPROCESSOR_DEFINITIONS = (
					"DEBUG=1",
					"$(inherited)",
				);
				GCC_WARN_64_TO_32_BIT_CONVERSION = YES;
				GCC_WARN_ABOUT_RETURN_TYPE = YES_ERROR;
				GCC_WARN_UNDECLARED_SELECTOR = YES;
				GCC_WARN_UNINITIALIZED_AUTOS = YES_AGGRESSIVE;
				GCC_WARN_UNUSED_FUNCTION = YES;
				GCC_WARN_UNUSED_VARIABLE = YES;
				IPHONEOS_DEPLOYMENT_TARGET = 10.1;
				MTL_ENABLE_DEBUG_INFO = YES;
				ONLY_ACTIVE_ARCH = YES;
				SDKROOT = iphoneos;
				SWIFT_ACTIVE_COMPILATION_CONDITIONS = DEBUG;
				SWIFT_OPTIMIZATION_LEVEL = "-Onone";
			};
			name = Debug;
		};
		81702FCB1DE7D19C0025347B /* Release */ = {
			isa = XCBuildConfiguration;
			buildSettings = {
				ALWAYS_SEARCH_USER_PATHS = NO;
				CLANG_ANALYZER_NONNULL = YES;
				CLANG_CXX_LANGUAGE_STANDARD = "gnu++0x";
				CLANG_CXX_LIBRARY = "libc++";
				CLANG_ENABLE_MODULES = YES;
				CLANG_ENABLE_OBJC_ARC = YES;
				CLANG_WARN_BOOL_CONVERSION = YES;
				CLANG_WARN_CONSTANT_CONVERSION = YES;
				CLANG_WARN_DIRECT_OBJC_ISA_USAGE = YES_ERROR;
				CLANG_WARN_DOCUMENTATION_COMMENTS = YES;
				CLANG_WARN_EMPTY_BODY = YES;
				CLANG_WARN_ENUM_CONVERSION = YES;
				CLANG_WARN_INFINITE_RECURSION = YES;
				CLANG_WARN_INT_CONVERSION = YES;
				CLANG_WARN_OBJC_ROOT_CLASS = YES_ERROR;
				CLANG_WARN_SUSPICIOUS_MOVES = YES;
				CLANG_WARN_UNREACHABLE_CODE = YES;
				CLANG_WARN__DUPLICATE_METHOD_MATCH = YES;
				"CODE_SIGN_IDENTITY[sdk=iphoneos*]" = "iPhone Developer";
				COPY_PHASE_STRIP = NO;
				DEBUG_INFORMATION_FORMAT = "dwarf-with-dsym";
				ENABLE_NS_ASSERTIONS = NO;
				ENABLE_STRICT_OBJC_MSGSEND = YES;
				GCC_C_LANGUAGE_STANDARD = gnu99;
				GCC_NO_COMMON_BLOCKS = YES;
				GCC_WARN_64_TO_32_BIT_CONVERSION = YES;
				GCC_WARN_ABOUT_RETURN_TYPE = YES_ERROR;
				GCC_WARN_UNDECLARED_SELECTOR = YES;
				GCC_WARN_UNINITIALIZED_AUTOS = YES_AGGRESSIVE;
				GCC_WARN_UNUSED_FUNCTION = YES;
				GCC_WARN_UNUSED_VARIABLE = YES;
				IPHONEOS_DEPLOYMENT_TARGET = 10.1;
				MTL_ENABLE_DEBUG_INFO = NO;
				SDKROOT = iphoneos;
				SWIFT_OPTIMIZATION_LEVEL = "-Owholemodule";
				VALIDATE_PRODUCT = YES;
			};
			name = Release;
		};
		81702FCD1DE7D19C0025347B /* Debug */ = {
			isa = XCBuildConfiguration;
			buildSettings = {
				ASSETCATALOG_COMPILER_APPICON_NAME = AppIcon;
				DEVELOPMENT_TEAM = K585X4B55X;
				INFOPLIST_FILE = LazyBone/Info.plist;
				LD_RUNPATH_SEARCH_PATHS = "$(inherited) @executable_path/Frameworks";
				PRODUCT_BUNDLE_IDENTIFIER = com.creation.LazyBone;
				PRODUCT_NAME = "$(TARGET_NAME)";
				SWIFT_VERSION = 3.0;
			};
			name = Debug;
		};
		81702FCE1DE7D19C0025347B /* Release */ = {
			isa = XCBuildConfiguration;
			buildSettings = {
				ASSETCATALOG_COMPILER_APPICON_NAME = AppIcon;
				DEVELOPMENT_TEAM = K585X4B55X;
				INFOPLIST_FILE = LazyBone/Info.plist;
				LD_RUNPATH_SEARCH_PATHS = "$(inherited) @executable_path/Frameworks";
				PRODUCT_BUNDLE_IDENTIFIER = com.creation.LazyBone;
				PRODUCT_NAME = "$(TARGET_NAME)";
				SWIFT_VERSION = 3.0;
			};
			name = Release;
		};
/* End XCBuildConfiguration section */

/* Begin XCConfigurationList section */
		81702FB51DE7D19C0025347B /* Build configuration list for PBXProject "LazyBone" */ = {
			isa = XCConfigurationList;
			buildConfigurations = (
				81702FCA1DE7D19C0025347B /* Debug */,
				81702FCB1DE7D19C0025347B /* Release */,
			);
			defaultConfigurationIsVisible = 0;
			defaultConfigurationName = Release;
		};
		81702FCC1DE7D19C0025347B /* Build configuration list for PBXNativeTarget "LazyBone" */ = {
			isa = XCConfigurationList;
			buildConfigurations = (
				81702FCD1DE7D19C0025347B /* Debug */,
				81702FCE1DE7D19C0025347B /* Release */,
			);
			defaultConfigurationIsVisible = 0;
		};
/* End XCConfigurationList section */
	};
	rootObject = 81702FB21DE7D19C0025347B /* Project object */;
}
